// !$*UTF8*$!
{
	archiveVersion = 1;
	classes = {
	};
	objectVersion = 56;
	objects = {

/* Begin PBXBuildFile section */
		102D96CE2A460A0900F9CF49 /* UIApp.swift in Sources */ = {isa = PBXBuildFile; fileRef = 102D96CD2A460A0900F9CF49 /* UIApp.swift */; };
		102D96D02A460A0900F9CF49 /* ContentView.swift in Sources */ = {isa = PBXBuildFile; fileRef = 102D96CF2A460A0900F9CF49 /* ContentView.swift */; };
		102D96D22A460A0B00F9CF49 /* Assets.xcassets in Resources */ = {isa = PBXBuildFile; fileRef = 102D96D12A460A0B00F9CF49 /* Assets.xcassets */; };
		102D96D52A460A0B00F9CF49 /* Preview Assets.xcassets in Resources */ = {isa = PBXBuildFile; fileRef = 102D96D42A460A0B00F9CF49 /* Preview Assets.xcassets */; };
		102D96DF2A460A0B00F9CF49 /* UITests.swift in Sources */ = {isa = PBXBuildFile; fileRef = 102D96DE2A460A0B00F9CF49 /* UITests.swift */; };
		102D96E92A460A0B00F9CF49 /* UIUITests.swift in Sources */ = {isa = PBXBuildFile; fileRef = 102D96E82A460A0B00F9CF49 /* UIUITests.swift */; };
		102D96EB2A460A0B00F9CF49 /* UIUITestsLaunchTests.swift in Sources */ = {isa = PBXBuildFile; fileRef = 102D96EA2A460A0B00F9CF49 /* UIUITestsLaunchTests.swift */; };
/* End PBXBuildFile section */

/* Begin PBXContainerItemProxy section */
		102D96DB2A460A0B00F9CF49 /* PBXContainerItemProxy */ = {
			isa = PBXContainerItemProxy;
			containerPortal = 102D96C22A460A0900F9CF49 /* Project object */;
			proxyType = 1;
			remoteGlobalIDString = 102D96C92A460A0900F9CF49;
			remoteInfo = UI;
		};
		102D96E52A460A0B00F9CF49 /* PBXContainerItemProxy */ = {
			isa = PBXContainerItemProxy;
			containerPortal = 102D96C22A460A0900F9CF49 /* Project object */;
			proxyType = 1;
			remoteGlobalIDString = 102D96C92A460A0900F9CF49;
			remoteInfo = UI;
		};
/* End PBXContainerItemProxy section */

/* Begin PBXFileReference section */
		102D96CA2A460A0900F9CF49 /* UI.app */ = {isa = PBXFileReference; explicitFileType = wrapper.application; includeInIndex = 0; path = UI.app; sourceTree = BUILT_PRODUCTS_DIR; };
		102D96CD2A460A0900F9CF49 /* UIApp.swift */ = {isa = PBXFileReference; lastKnownFileType = sourcecode.swift; path = UIApp.swift; sourceTree = "<group>"; };
		102D96CF2A460A0900F9CF49 /* ContentView.swift */ = {isa = PBXFileReference; lastKnownFileType = sourcecode.swift; path = ContentView.swift; sourceTree = "<group>"; };
		102D96D12A460A0B00F9CF49 /* Assets.xcassets */ = {isa = PBXFileReference; lastKnownFileType = folder.assetcatalog; path = Assets.xcassets; sourceTree = "<group>"; };
		102D96D42A460A0B00F9CF49 /* Preview Assets.xcassets */ = {isa = PBXFileReference; lastKnownFileType = folder.assetcatalog; path = "Preview Assets.xcassets"; sourceTree = "<group>"; };
		102D96DA2A460A0B00F9CF49 /* UITests.xctest */ = {isa = PBXFileReference; explicitFileType = wrapper.cfbundle; includeInIndex = 0; path = UITests.xctest; sourceTree = BUILT_PRODUCTS_DIR; };
		102D96DE2A460A0B00F9CF49 /* UITests.swift */ = {isa = PBXFileReference; lastKnownFileType = sourcecode.swift; path = UITests.swift; sourceTree = "<group>"; };
		102D96E42A460A0B00F9CF49 /* UIUITests.xctest */ = {isa = PBXFileReference; explicitFileType = wrapper.cfbundle; includeInIndex = 0; path = UIUITests.xctest; sourceTree = BUILT_PRODUCTS_DIR; };
		102D96E82A460A0B00F9CF49 /* UIUITests.swift */ = {isa = PBXFileReference; lastKnownFileType = sourcecode.swift; path = UIUITests.swift; sourceTree = "<group>"; };
		102D96EA2A460A0B00F9CF49 /* UIUITestsLaunchTests.swift */ = {isa = PBXFileReference; lastKnownFileType = sourcecode.swift; path = UIUITestsLaunchTests.swift; sourceTree = "<group>"; };
/* End PBXFileReference section */

/* Begin PBXFrameworksBuildPhase section */
		102D96C72A460A0900F9CF49 /* Frameworks */ = {
			isa = PBXFrameworksBuildPhase;
			buildActionMask = 2147483647;
			files = (
			);
			runOnlyForDeploymentPostprocessing = 0;
		};
		102D96D72A460A0B00F9CF49 /* Frameworks */ = {
			isa = PBXFrameworksBuildPhase;
			buildActionMask = 2147483647;
			files = (
			);
			runOnlyForDeploymentPostprocessing = 0;
		};
		102D96E12A460A0B00F9CF49 /* Frameworks */ = {
			isa = PBXFrameworksBuildPhase;
			buildActionMask = 2147483647;
			files = (
			);
			runOnlyForDeploymentPostprocessing = 0;
		};
/* End PBXFrameworksBuildPhase section */

/* Begin PBXGroup section */
		102D96C12A460A0900F9CF49 = {
			isa = PBXGroup;
			children = (
				102D96CC2A460A0900F9CF49 /* UI */,
				102D96DD2A460A0B00F9CF49 /* UITests */,
				102D96E72A460A0B00F9CF49 /* UIUITests */,
				102D96CB2A460A0900F9CF49 /* Products */,
			);
			sourceTree = "<group>";
		};
		102D96CB2A460A0900F9CF49 /* Products */ = {
			isa = PBXGroup;
			children = (
				102D96CA2A460A0900F9CF49 /* UI.app */,
				102D96DA2A460A0B00F9CF49 /* UITests.xctest */,
				102D96E42A460A0B00F9CF49 /* UIUITests.xctest */,
			);
			name = Products;
			sourceTree = "<group>";
		};
		102D96CC2A460A0900F9CF49 /* UI */ = {
			isa = PBXGroup;
			children = (
				102D96CD2A460A0900F9CF49 /* UIApp.swift */,
				102D96CF2A460A0900F9CF49 /* ContentView.swift */,
				102D96D12A460A0B00F9CF49 /* Assets.xcassets */,
				102D96D32A460A0B00F9CF49 /* Preview Content */,
			);
			path = UI;
			sourceTree = "<group>";
		};
		102D96D32A460A0B00F9CF49 /* Preview Content */ = {
			isa = PBXGroup;
			children = (
				102D96D42A460A0B00F9CF49 /* Preview Assets.xcassets */,
			);
			path = "Preview Content";
			sourceTree = "<group>";
		};
		102D96DD2A460A0B00F9CF49 /* UITests */ = {
			isa = PBXGroup;
			children = (
				102D96DE2A460A0B00F9CF49 /* UITests.swift */,
			);
			path = UITests;
			sourceTree = "<group>";
		};
		102D96E72A460A0B00F9CF49 /* UIUITests */ = {
			isa = PBXGroup;
			children = (
				102D96E82A460A0B00F9CF49 /* UIUITests.swift */,
				102D96EA2A460A0B00F9CF49 /* UIUITestsLaunchTests.swift */,
			);
			path = UIUITests;
			sourceTree = "<group>";
		};
/* End PBXGroup section */

/* Begin PBXNativeTarget section */
		102D96C92A460A0900F9CF49 /* UI */ = {
			isa = PBXNativeTarget;
			buildConfigurationList = 102D96EE2A460A0B00F9CF49 /* Build configuration list for PBXNativeTarget "UI" */;
			buildPhases = (
				102D96C62A460A0900F9CF49 /* Sources */,
				102D96C72A460A0900F9CF49 /* Frameworks */,
				102D96C82A460A0900F9CF49 /* Resources */,
			);
			buildRules = (
			);
			dependencies = (
			);
			name = UI;
			productName = UI;
			productReference = 102D96CA2A460A0900F9CF49 /* UI.app */;
			productType = "com.apple.product-type.application";
		};
		102D96D92A460A0B00F9CF49 /* UITests */ = {
			isa = PBXNativeTarget;
			buildConfigurationList = 102D96F12A460A0B00F9CF49 /* Build configuration list for PBXNativeTarget "UITests" */;
			buildPhases = (
				102D96D62A460A0B00F9CF49 /* Sources */,
				102D96D72A460A0B00F9CF49 /* Frameworks */,
				102D96D82A460A0B00F9CF49 /* Resources */,
			);
			buildRules = (
			);
			dependencies = (
				102D96DC2A460A0B00F9CF49 /* PBXTargetDependency */,
			);
			name = UITests;
			productName = UITests;
			productReference = 102D96DA2A460A0B00F9CF49 /* UITests.xctest */;
			productType = "com.apple.product-type.bundle.unit-test";
		};
		102D96E32A460A0B00F9CF49 /* UIUITests */ = {
			isa = PBXNativeTarget;
			buildConfigurationList = 102D96F42A460A0B00F9CF49 /* Build configuration list for PBXNativeTarget "UIUITests" */;
			buildPhases = (
				102D96E02A460A0B00F9CF49 /* Sources */,
				102D96E12A460A0B00F9CF49 /* Frameworks */,
				102D96E22A460A0B00F9CF49 /* Resources */,
			);
			buildRules = (
			);
			dependencies = (
				102D96E62A460A0B00F9CF49 /* PBXTargetDependency */,
			);
			name = UIUITests;
			productName = UIUITests;
			productReference = 102D96E42A460A0B00F9CF49 /* UIUITests.xctest */;
			productType = "com.apple.product-type.bundle.ui-testing";
		};
/* End PBXNativeTarget section */

/* Begin PBXProject section */
		102D96C22A460A0900F9CF49 /* Project object */ = {
			isa = PBXProject;
			attributes = {
				BuildIndependentTargetsInParallel = 1;
				LastSwiftUpdateCheck = 1430;
				LastUpgradeCheck = 1430;
				TargetAttributes = {
					102D96C92A460A0900F9CF49 = {
						CreatedOnToolsVersion = 14.3.1;
					};
					102D96D92A460A0B00F9CF49 = {
						CreatedOnToolsVersion = 14.3.1;
						TestTargetID = 102D96C92A460A0900F9CF49;
					};
					102D96E32A460A0B00F9CF49 = {
						CreatedOnToolsVersion = 14.3.1;
						TestTargetID = 102D96C92A460A0900F9CF49;
					};
				};
			};
			buildConfigurationList = 102D96C52A460A0900F9CF49 /* Build configuration list for PBXProject "UI" */;
			compatibilityVersion = "Xcode 14.0";
			developmentRegion = en;
			hasScannedForEncodings = 0;
			knownRegions = (
				en,
				Base,
			);
			mainGroup = 102D96C12A460A0900F9CF49;
			productRefGroup = 102D96CB2A460A0900F9CF49 /* Products */;
			projectDirPath = "";
			projectRoot = "";
			targets = (
				102D96C92A460A0900F9CF49 /* UI */,
				102D96D92A460A0B00F9CF49 /* UITests */,
				102D96E32A460A0B00F9CF49 /* UIUITests */,
			);
		};
/* End PBXProject section */

/* Begin PBXResourcesBuildPhase section */
		102D96C82A460A0900F9CF49 /* Resources */ = {
			isa = PBXResourcesBuildPhase;
			buildActionMask = 2147483647;
			files = (
				102D96D52A460A0B00F9CF49 /* Preview Assets.xcassets in Resources */,
				102D96D22A460A0B00F9CF49 /* Assets.xcassets in Resources */,
			);
			runOnlyForDeploymentPostprocessing = 0;
		};
		102D96D82A460A0B00F9CF49 /* Resources */ = {
			isa = PBXResourcesBuildPhase;
			buildActionMask = 2147483647;
			files = (
			);
			runOnlyForDeploymentPostprocessing = 0;
		};
		102D96E22A460A0B00F9CF49 /* Resources */ = {
			isa = PBXResourcesBuildPhase;
			buildActionMask = 2147483647;
			files = (
			);
			runOnlyForDeploymentPostprocessing = 0;
		};
/* End PBXResourcesBuildPhase section */

/* Begin PBXSourcesBuildPhase section */
		102D96C62A460A0900F9CF49 /* Sources */ = {
			isa = PBXSourcesBuildPhase;
			buildActionMask = 2147483647;
			files = (
				102D96D02A460A0900F9CF49 /* ContentView.swift in Sources */,
				102D96CE2A460A0900F9CF49 /* UIApp.swift in Sources */,
			);
			runOnlyForDeploymentPostprocessing = 0;
		};
		102D96D62A460A0B00F9CF49 /* Sources */ = {
			isa = PBXSourcesBuildPhase;
			buildActionMask = 2147483647;
			files = (
				102D96DF2A460A0B00F9CF49 /* UITests.swift in Sources */,
			);
			runOnlyForDeploymentPostprocessing = 0;
		};
		102D96E02A460A0B00F9CF49 /* Sources */ = {
			isa = PBXSourcesBuildPhase;
			buildActionMask = 2147483647;
			files = (
				102D96EB2A460A0B00F9CF49 /* UIUITestsLaunchTests.swift in Sources */,
				102D96E92A460A0B00F9CF49 /* UIUITests.swift in Sources */,
			);
			runOnlyForDeploymentPostprocessing = 0;
		};
/* End PBXSourcesBuildPhase section */

/* Begin PBXTargetDependency section */
		102D96DC2A460A0B00F9CF49 /* PBXTargetDependency */ = {
			isa = PBXTargetDependency;
			target = 102D96C92A460A0900F9CF49 /* UI */;
			targetProxy = 102D96DB2A460A0B00F9CF49 /* PBXContainerItemProxy */;
		};
		102D96E62A460A0B00F9CF49 /* PBXTargetDependency */ = {
			isa = PBXTargetDependency;
			target = 102D96C92A460A0900F9CF49 /* UI */;
			targetProxy = 102D96E52A460A0B00F9CF49 /* PBXContainerItemProxy */;
		};
/* End PBXTargetDependency section */

/* Begin XCBuildConfiguration section */
		102D96EC2A460A0B00F9CF49 /* Debug */ = {
			isa = XCBuildConfiguration;
			buildSettings = {
				ALWAYS_SEARCH_USER_PATHS = NO;
				CLANG_ANALYZER_NONNULL = YES;
				CLANG_ANALYZER_NUMBER_OBJECT_CONVERSION = YES_AGGRESSIVE;
				CLANG_CXX_LANGUAGE_STANDARD = "gnu++20";
				CLANG_ENABLE_MODULES = YES;
				CLANG_ENABLE_OBJC_ARC = YES;
				CLANG_ENABLE_OBJC_WEAK = YES;
				CLANG_WARN_BLOCK_CAPTURE_AUTORELEASING = YES;
				CLANG_WARN_BOOL_CONVERSION = YES;
				CLANG_WARN_COMMA = YES;
				CLANG_WARN_CONSTANT_CONVERSION = YES;
				CLANG_WARN_DEPRECATED_OBJC_IMPLEMENTATIONS = YES;
				CLANG_WARN_DIRECT_OBJC_ISA_USAGE = YES_ERROR;
				CLANG_WARN_DOCUMENTATION_COMMENTS = YES;
				CLANG_WARN_EMPTY_BODY = YES;
				CLANG_WARN_ENUM_CONVERSION = YES;
				CLANG_WARN_INFINITE_RECURSION = YES;
				CLANG_WARN_INT_CONVERSION = YES;
				CLANG_WARN_NON_LITERAL_NULL_CONVERSION = YES;
				CLANG_WARN_OBJC_IMPLICIT_RETAIN_SELF = YES;
				CLANG_WARN_OBJC_LITERAL_CONVERSION = YES;
				CLANG_WARN_OBJC_ROOT_CLASS = YES_ERROR;
				CLANG_WARN_QUOTED_INCLUDE_IN_FRAMEWORK_HEADER = YES;
				CLANG_WARN_RANGE_LOOP_ANALYSIS = YES;
				CLANG_WARN_STRICT_PROTOTYPES = YES;
				CLANG_WARN_SUSPICIOUS_MOVE = YES;
				CLANG_WARN_UNGUARDED_AVAILABILITY = YES_AGGRESSIVE;
				CLANG_WARN_UNREACHABLE_CODE = YES;
				CLANG_WARN__DUPLICATE_METHOD_MATCH = YES;
				COPY_PHASE_STRIP = NO;
				DEBUG_INFORMATION_FORMAT = dwarf;
				ENABLE_STRICT_OBJC_MSGSEND = YES;
				ENABLE_TESTABILITY = YES;
				GCC_C_LANGUAGE_STANDARD = gnu11;
				GCC_DYNAMIC_NO_PIC = NO;
				GCC_NO_COMMON_BLOCKS = YES;
				GCC_OPTIMIZATION_LEVEL = 0;
				GCC_PREPROCESSOR_DEFINITIONS = (
					"DEBUG=1",
					"$(inherited)",
				);
				GCC_WARN_64_TO_32_BIT_CONVERSION = YES;
				GCC_WARN_ABOUT_RETURN_TYPE = YES_ERROR;
				GCC_WARN_UNDECLARED_SELECTOR = YES;
				GCC_WARN_UNINITIALIZED_AUTOS = YES_AGGRESSIVE;
				GCC_WARN_UNUSED_FUNCTION = YES;
				GCC_WARN_UNUSED_VARIABLE = YES;
				IPHONEOS_DEPLOYMENT_TARGET = 16.4;
				MTL_ENABLE_DEBUG_INFO = INCLUDE_SOURCE;
				MTL_FAST_MATH = YES;
				ONLY_ACTIVE_ARCH = YES;
				SDKROOT = iphoneos;
				SWIFT_ACTIVE_COMPILATION_CONDITIONS = DEBUG;
				SWIFT_OPTIMIZATION_LEVEL = "-Onone";
			};
			name = Debug;
		};
		102D96ED2A460A0B00F9CF49 /* Release */ = {
			isa = XCBuildConfiguration;
			buildSettings = {
				ALWAYS_SEARCH_USER_PATHS = NO;
				CLANG_ANALYZER_NONNULL = YES;
				CLANG_ANALYZER_NUMBER_OBJECT_CONVERSION = YES_AGGRESSIVE;
				CLANG_CXX_LANGUAGE_STANDARD = "gnu++20";
				CLANG_ENABLE_MODULES = YES;
				CLANG_ENABLE_OBJC_ARC = YES;
				CLANG_ENABLE_OBJC_WEAK = YES;
				CLANG_WARN_BLOCK_CAPTURE_AUTORELEASING = YES;
				CLANG_WARN_BOOL_CONVERSION = YES;
				CLANG_WARN_COMMA = YES;
				CLANG_WARN_CONSTANT_CONVERSION = YES;
				CLANG_WARN_DEPRECATED_OBJC_IMPLEMENTATIONS = YES;
				CLANG_WARN_DIRECT_OBJC_ISA_USAGE = YES_ERROR;
				CLANG_WARN_DOCUMENTATION_COMMENTS = YES;
				CLANG_WARN_EMPTY_BODY = YES;
				CLANG_WARN_ENUM_CONVERSION = YES;
				CLANG_WARN_INFINITE_RECURSION = YES;
				CLANG_WARN_INT_CONVERSION = YES;
				CLANG_WARN_NON_LITERAL_NULL_CONVERSION = YES;
				CLANG_WARN_OBJC_IMPLICIT_RETAIN_SELF = YES;
				CLANG_WARN_OBJC_LITERAL_CONVERSION = YES;
				CLANG_WARN_OBJC_ROOT_CLASS = YES_ERROR;
				CLANG_WARN_QUOTED_INCLUDE_IN_FRAMEWORK_HEADER = YES;
				CLANG_WARN_RANGE_LOOP_ANALYSIS = YES;
				CLANG_WARN_STRICT_PROTOTYPES = YES;
				CLANG_WARN_SUSPICIOUS_MOVE = YES;
				CLANG_WARN_UNGUARDED_AVAILABILITY = YES_AGGRESSIVE;
				CLANG_WARN_UNREACHABLE_CODE = YES;
				CLANG_WARN__DUPLICATE_METHOD_MATCH = YES;
				COPY_PHASE_STRIP = NO;
				DEBUG_INFORMATION_FORMAT = "dwarf-with-dsym";
				ENABLE_NS_ASSERTIONS = NO;
				ENABLE_STRICT_OBJC_MSGSEND = YES;
				GCC_C_LANGUAGE_STANDARD = gnu11;
				GCC_NO_COMMON_BLOCKS = YES;
				GCC_WARN_64_TO_32_BIT_CONVERSION = YES;
				GCC_WARN_ABOUT_RETURN_TYPE = YES_ERROR;
				GCC_WARN_UNDECLARED_SELECTOR = YES;
				GCC_WARN_UNINITIALIZED_AUTOS = YES_AGGRESSIVE;
				GCC_WARN_UNUSED_FUNCTION = YES;
				GCC_WARN_UNUSED_VARIABLE = YES;
				IPHONEOS_DEPLOYMENT_TARGET = 16.4;
				MTL_ENABLE_DEBUG_INFO = NO;
				MTL_FAST_MATH = YES;
				SDKROOT = iphoneos;
				SWIFT_COMPILATION_MODE = wholemodule;
				SWIFT_OPTIMIZATION_LEVEL = "-O";
				VALIDATE_PRODUCT = YES;
			};
			name = Release;
		};
		102D96EF2A460A0B00F9CF49 /* Debug */ = {
			isa = XCBuildConfiguration;
			buildSettings = {
				ASSETCATALOG_COMPILER_APPICON_NAME = AppIcon;
				ASSETCATALOG_COMPILER_GLOBAL_ACCENT_COLOR_NAME = AccentColor;
				CODE_SIGN_STYLE = Automatic;
				CURRENT_PROJECT_VERSION = 1;
				DEVELOPMENT_ASSET_PATHS = "\"UI/Preview Content\"";
				ENABLE_PREVIEWS = YES;
				GENERATE_INFOPLIST_FILE = YES;
				INFOPLIST_KEY_UIApplicationSceneManifest_Generation = YES;
				INFOPLIST_KEY_UIApplicationSupportsIndirectInputEvents = YES;
				INFOPLIST_KEY_UILaunchScreen_Generation = YES;
				INFOPLIST_KEY_UISupportedInterfaceOrientations_iPad = "UIInterfaceOrientationPortrait UIInterfaceOrientationPortraitUpsideDown UIInterfaceOrientationLandscapeLeft UIInterfaceOrientationLandscapeRight";
				INFOPLIST_KEY_UISupportedInterfaceOrientations_iPhone = "UIInterfaceOrientationPortrait UIInterfaceOrientationLandscapeLeft UIInterfaceOrientationLandscapeRight";
				LD_RUNPATH_SEARCH_PATHS = (
					"$(inherited)",
					"@executable_path/Frameworks",
				);
				MARKETING_VERSION = 1.0;
				PRODUCT_BUNDLE_IDENTIFIER = kwk.UI;
				PRODUCT_NAME = "$(TARGET_NAME)";
				SWIFT_EMIT_LOC_STRINGS = YES;
				SWIFT_VERSION = 5.0;
				TARGETED_DEVICE_FAMILY = "1,2";
			};
			name = Debug;
		};
		102D96F02A460A0B00F9CF49 /* Release */ = {
			isa = XCBuildConfiguration;
			buildSettings = {
				ASSETCATALOG_COMPILER_APPICON_NAME = AppIcon;
				ASSETCATALOG_COMPILER_GLOBAL_ACCENT_COLOR_NAME = AccentColor;
				CODE_SIGN_STYLE = Automatic;
				CURRENT_PROJECT_VERSION = 1;
				DEVELOPMENT_ASSET_PATHS = "\"UI/Preview Content\"";
				ENABLE_PREVIEWS = YES;
				GENERATE_INFOPLIST_FILE = YES;
				INFOPLIST_KEY_UIApplicationSceneManifest_Generation = YES;
				INFOPLIST_KEY_UIApplicationSupportsIndirectInputEvents = YES;
				INFOPLIST_KEY_UILaunchScreen_Generation = YES;
				INFOPLIST_KEY_UISupportedInterfaceOrientations_iPad = "UIInterfaceOrientationPortrait UIInterfaceOrientationPortraitUpsideDown UIInterfaceOrientationLandscapeLeft UIInterfaceOrientationLandscapeRight";
				INFOPLIST_KEY_UISupportedInterfaceOrientations_iPhone = "UIInterfaceOrientationPortrait UIInterfaceOrientationLandscapeLeft UIInterfaceOrientationLandscapeRight";
				LD_RUNPATH_SEARCH_PATHS = (
					"$(inherited)",
					"@executable_path/Frameworks",
				);
				MARKETING_VERSION = 1.0;
				PRODUCT_BUNDLE_IDENTIFIER = kwk.UI;
				PRODUCT_NAME = "$(TARGET_NAME)";
				SWIFT_EMIT_LOC_STRINGS = YES;
				SWIFT_VERSION = 5.0;
				TARGETED_DEVICE_FAMILY = "1,2";
			};
			name = Release;
		};
		102D96F22A460A0B00F9CF49 /* Debug */ = {
			isa = XCBuildConfiguration;
			buildSettings = {
				ALWAYS_EMBED_SWIFT_STANDARD_LIBRARIES = YES;
				BUNDLE_LOADER = "$(TEST_HOST)";
				CODE_SIGN_STYLE = Automatic;
				CURRENT_PROJECT_VERSION = 1;
				GENERATE_INFOPLIST_FILE = YES;
				IPHONEOS_DEPLOYMENT_TARGET = 16.4;
				MARKETING_VERSION = 1.0;
				PRODUCT_BUNDLE_IDENTIFIER = kwk.UITests;
				PRODUCT_NAME = "$(TARGET_NAME)";
				SWIFT_EMIT_LOC_STRINGS = NO;
				SWIFT_VERSION = 5.0;
				TARGETED_DEVICE_FAMILY = "1,2";
				TEST_HOST = "$(BUILT_PRODUCTS_DIR)/UI.app/$(BUNDLE_EXECUTABLE_FOLDER_PATH)/UI";
			};
			name = Debug;
		};
		102D96F32A460A0B00F9CF49 /* Release */ = {
			isa = XCBuildConfiguration;
			buildSettings = {
				ALWAYS_EMBED_SWIFT_STANDARD_LIBRARIES = YES;
				BUNDLE_LOADER = "$(TEST_HOST)";
				CODE_SIGN_STYLE = Automatic;
				CURRENT_PROJECT_VERSION = 1;
				GENERATE_INFOPLIST_FILE = YES;
				IPHONEOS_DEPLOYMENT_TARGET = 16.4;
				MARKETING_VERSION = 1.0;
				PRODUCT_BUNDLE_IDENTIFIER = kwk.UITests;
				PRODUCT_NAME = "$(TARGET_NAME)";
				SWIFT_EMIT_LOC_STRINGS = NO;
				SWIFT_VERSION = 5.0;
				TARGETED_DEVICE_FAMILY = "1,2";
				TEST_HOST = "$(BUILT_PRODUCTS_DIR)/UI.app/$(BUNDLE_EXECUTABLE_FOLDER_PATH)/UI";
			};
			name = Release;
		};
		102D96F52A460A0B00F9CF49 /* Debug */ = {
			isa = XCBuildConfiguration;
			buildSettings = {
				ALWAYS_EMBED_SWIFT_STANDARD_LIBRARIES = YES;
				CODE_SIGN_STYLE = Automatic;
				CURRENT_PROJECT_VERSION = 1;
				GENERATE_INFOPLIST_FILE = YES;
				MARKETING_VERSION = 1.0;
				PRODUCT_BUNDLE_IDENTIFIER = kwk.UIUITests;
				PRODUCT_NAME = "$(TARGET_NAME)";
				SWIFT_EMIT_LOC_STRINGS = NO;
				SWIFT_VERSION = 5.0;
				TARGETED_DEVICE_FAMILY = "1,2";
				TEST_TARGET_NAME = UI;
			};
			name = Debug;
		};
		102D96F62A460A0B00F9CF49 /* Release */ = {
			isa = XCBuildConfiguration;
			buildSettings = {
				ALWAYS_EMBED_SWIFT_STANDARD_LIBRARIES = YES;
				CODE_SIGN_STYLE = Automatic;
				CURRENT_PROJECT_VERSION = 1;
				GENERATE_INFOPLIST_FILE = YES;
				MARKETING_VERSION = 1.0;
				PRODUCT_BUNDLE_IDENTIFIER = kwk.UIUITests;
				PRODUCT_NAME = "$(TARGET_NAME)";
				SWIFT_EMIT_LOC_STRINGS = NO;
				SWIFT_VERSION = 5.0;
				TARGETED_DEVICE_FAMILY = "1,2";
				TEST_TARGET_NAME = UI;
			};
			name = Release;
		};
/* End XCBuildConfiguration section */

/* Begin XCConfigurationList section */
		102D96C52A460A0900F9CF49 /* Build configuration list for PBXProject "UI" */ = {
			isa = XCConfigurationList;
			buildConfigurations = (
				102D96EC2A460A0B00F9CF49 /* Debug */,
				102D96ED2A460A0B00F9CF49 /* Release */,
			);
			defaultConfigurationIsVisible = 0;
			defaultConfigurationName = Release;
		};
		102D96EE2A460A0B00F9CF49 /* Build configuration list for PBXNativeTarget "UI" */ = {
			isa = XCConfigurationList;
			buildConfigurations = (
				102D96EF2A460A0B00F9CF49 /* Debug */,
				102D96F02A460A0B00F9CF49 /* Release */,
			);
			defaultConfigurationIsVisible = 0;
			defaultConfigurationName = Release;
		};
		102D96F12A460A0B00F9CF49 /* Build configuration list for PBXNativeTarget "UITests" */ = {
			isa = XCConfigurationList;
			buildConfigurations = (
				102D96F22A460A0B00F9CF49 /* Debug */,
				102D96F32A460A0B00F9CF49 /* Release */,
			);
			defaultConfigurationIsVisible = 0;
			defaultConfigurationName = Release;
		};
		102D96F42A460A0B00F9CF49 /* Build configuration list for PBXNativeTarget "UIUITests" */ = {
			isa = XCConfigurationList;
			buildConfigurations = (
				102D96F52A460A0B00F9CF49 /* Debug */,
				102D96F62A460A0B00F9CF49 /* Release */,
			);
			defaultConfigurationIsVisible = 0;
			defaultConfigurationName = Release;
		};
/* End XCConfigurationList section */
	};
	rootObject = 102D96C22A460A0900F9CF49 /* Project object */;
}
